
Microsoft Visual Studio Solution File, Format Version 12.00
# Visual Studio 15
Project("{FAE04EC0-301F-11D3-BF4B-00C04F79EFBC}") = "UnityEngine.UI", "UnityEngine.UI.csproj", "{FE23FB49-283E-C670-915C-1CD7EA5B2AE7}"
EndProject
Project("{FAE04EC0-301F-11D3-BF4B-00C04F79EFBC}") = "Unity.RenderPipelines.Core.Runtime", "Unity.RenderPipelines.Core.Runtime.csproj", "{14FCC657-AD14-53B2-D219-DDC2D10F37B7}"
EndProject
Project("{FAE04EC0-301F-11D3-BF4B-00C04F79EFBC}") = "UnityEngine.TestRunner", "UnityEngine.TestRunner.csproj", "{33C55184-08AD-E8EF-9FB8-15E68F06E60D}"
EndProject
Project("{FAE04EC0-301F-11D3-BF4B-00C04F79EFBC}") = "Unity.Mathematics", "Unity.Mathematics.csproj", "{30AE1A20-0C72-EED4-3942-A9F65BC12902}"
EndProject
Project("{FAE04EC0-301F-11D3-BF4B-00C04F79EFBC}") = "Unity.RenderPipelines.Universal.Runtime", "Unity.RenderPipelines.Universal.Runtime.csproj", "{D22B6DAE-C2F0-7F20-E2E2-91345E84D184}"
EndProject
Project("{FAE04EC0-301F-11D3-BF4B-00C04F79EFBC}") = "Unity.TextMeshPro", "Unity.TextMeshPro.csproj", "{4340AA29-DFD6-922C-6E3F-2C062F0AAD9D}"
EndProject
Project("{FAE04EC0-301F-11D3-BF4B-00C04F79EFBC}") = "Unity.ProBuilder.Poly2Tri", "Unity.ProBuilder.Poly2Tri.csproj", "{3B843339-772C-0EDC-7354-08F75A22B591}"
EndProject
Project("{FAE04EC0-301F-11D3-BF4B-00C04F79EFBC}") = "Unity.Timeline", "Unity.Timeline.csproj", "{392CB4CD-26A5-A37D-27F1-7F7749B57F47}"
EndProject
Project("{FAE04EC0-301F-11D3-BF4B-00C04F79EFBC}") = "Unity.ProBuilder", "Unity.ProBuilder.csproj", "{159FB5F7-3E34-1DB6-79AF-6AEF254BE38C}"
EndProject
Project("{FAE04EC0-301F-11D3-BF4B-00C04F79EFBC}") = "Unity.ProBuilder.Csg", "Unity.ProBuilder.Csg.csproj", "{1F4B6F64-5000-A963-2B4E-5BFAC313BCCE}"
EndProject
Project("{FAE04EC0-301F-11D3-BF4B-00C04F79EFBC}") = "Unity.ProBuilder.KdTree", "Unity.ProBuilder.KdTree.csproj", "{9DBF31A7-5333-D97D-D7BF-B93B972F69B1}"
EndProject
Project("{FAE04EC0-301F-11D3-BF4B-00C04F79EFBC}") = "Unity.RenderPipelines.Core.ShaderLibrary", "Unity.RenderPipelines.Core.ShaderLibrary.csproj", "{489F914F-1BED-5004-EB0D-EE19078FFCCC}"
EndProject
Project("{FAE04EC0-301F-11D3-BF4B-00C04F79EFBC}") = "Unity.RenderPipeline.Universal.ShaderLibrary", "Unity.RenderPipeline.Universal.ShaderLibrary.csproj", "{B3EB8498-78C3-5283-F1BB-B49363237998}"
EndProject
Project("{FAE04EC0-301F-11D3-BF4B-00C04F79EFBC}") = "Unity.ProBuilder.Stl", "Unity.ProBuilder.Stl.csproj", "{D83CE9A5-1CFE-2670-D836-64462AD9B449}"
EndProject
Project("{FAE04EC0-301F-11D3-BF4B-00C04F79EFBC}") = "Unity.RenderPipelines.Universal.Shaders", "Unity.RenderPipelines.Universal.Shaders.csproj", "{E889BFE7-0FFE-F704-3CD0-C2712AC4AFA4}"
EndProject
Project("{FAE04EC0-301F-11D3-BF4B-00C04F79EFBC}") = "Unity.RenderPipelines.ShaderGraph.ShaderGraphLibrary", "Unity.RenderPipelines.ShaderGraph.ShaderGraphLibrary.csproj", "{53A259D0-D760-22D1-4FB7-8D2575F6F50C}"
EndProject
Project("{FAE04EC0-301F-11D3-BF4B-00C04F79EFBC}") = "Assembly-CSharp", "Assembly-CSharp.csproj", "{6F3B1A3C-2B4E-0C02-BD08-AEF49C45C39A}"
EndProject
Project("{FAE04EC0-301F-11D3-BF4B-00C04F79EFBC}") = "Unity.PlasticSCM.Editor", "Unity.PlasticSCM.Editor.csproj", "{3428B8E1-59D0-212D-2779-26483EC67AA1}"
EndProject
Project("{FAE04EC0-301F-11D3-BF4B-00C04F79EFBC}") = "Unity.ShaderGraph.Editor", "Unity.ShaderGraph.Editor.csproj", "{37C706F3-ECBD-40B9-1AEA-EF301810495F}"
EndProject
Project("{FAE04EC0-301F-11D3-BF4B-00C04F79EFBC}") = "Unity.VisualStudio.Editor", "Unity.VisualStudio.Editor.csproj", "{9B18F356-460C-1591-32A9-CE84886BDFE7}"
EndProject
Project("{FAE04EC0-301F-11D3-BF4B-00C04F79EFBC}") = "Unity.ProBuilder.Editor", "Unity.ProBuilder.Editor.csproj", "{0B30F233-5A85-4BFB-93C1-76D76B139E28}"
EndProject
Project("{FAE04EC0-301F-11D3-BF4B-00C04F79EFBC}") = "Unity.Timeline.Editor", "Unity.Timeline.Editor.csproj", "{D5A80CCF-76BC-3CD0-258C-F908EF1E6390}"
EndProject
Project("{FAE04EC0-301F-11D3-BF4B-00C04F79EFBC}") = "Unity.TextMeshPro.Editor", "Unity.TextMeshPro.Editor.csproj", "{F8CB6C6D-1C01-A58A-22BD-011D85BDBDD1}"
EndProject
Project("{FAE04EC0-301F-11D3-BF4B-00C04F79EFBC}") = "Unity.CollabProxy.Editor", "Unity.CollabProxy.Editor.csproj", "{175C42D3-8139-DDFF-DB03-1D15F3D084CA}"
EndProject
Project("{FAE04EC0-301F-11D3-BF4B-00C04F79EFBC}") = "UnityEditor.TestRunner", "UnityEditor.TestRunner.csproj", "{61C6FA2B-4C11-BE21-E4DB-E40FDB9A5835}"
EndProject
Project("{FAE04EC0-301F-11D3-BF4B-00C04F79EFBC}") = "Unity.Rider.Editor", "Unity.Rider.Editor.csproj", "{BA8AB193-F377-7D20-CF4E-071D093617DB}"
EndProject
Project("{FAE04EC0-301F-11D3-BF4B-00C04F79EFBC}") = "Unity.RenderPipelines.Universal.Editor", "Unity.RenderPipelines.Universal.Editor.csproj", "{3E36BCD7-9536-B17E-7A0F-5EAE70AF4BDB}"
EndProject
Project("{FAE04EC0-301F-11D3-BF4B-00C04F79EFBC}") = "Unity.Services.Core.Editor", "Unity.Services.Core.Editor.csproj", "{FC3AFB32-C250-0FE1-2248-664E1E3E9EC1}"
EndProject
Project("{FAE04EC0-301F-11D3-BF4B-00C04F79EFBC}") = "Unity.RenderPipelines.Core.Editor", "Unity.RenderPipelines.Core.Editor.csproj", "{501907E1-CA23-5AF9-9529-427948A2DE4F}"
EndProject
Project("{FAE04EC0-301F-11D3-BF4B-00C04F79EFBC}") = "Unity.Searcher.Editor", "Unity.Searcher.Editor.csproj", "{8BEC2C05-C254-03A6-4359-CD18ABDD3C7F}"
EndProject
Project("{FAE04EC0-301F-11D3-BF4B-00C04F79EFBC}") = "Unity.VSCode.Editor", "Unity.VSCode.Editor.csproj", "{E27C0E4B-D694-B694-7365-7A4CB6E5C3A3}"
EndProject
Project("{FAE04EC0-301F-11D3-BF4B-00C04F79EFBC}") = "Unity.ProBuilder.AssetIdRemapUtility", "Unity.ProBuilder.AssetIdRemapUtility.csproj", "{DC3252E3-43B3-49E6-CA98-71AA217F2D31}"
EndProject
Project("{FAE04EC0-301F-11D3-BF4B-00C04F79EFBC}") = "UnityEditor.UI", "UnityEditor.UI.csproj", "{623A7B30-DE67-0EAE-9F30-2EB1D3C91399}"
EndProject
Project("{FAE04EC0-301F-11D3-BF4B-00C04F79EFBC}") = "Unity.Settings.Editor", "Unity.Settings.Editor.csproj", "{D561EC1D-AA0E-21DF-A9A0-FC88E7AEEBC0}"
EndProject
Project("{FAE04EC0-301F-11D3-BF4B-00C04F79EFBC}") = "Unity.Mathematics.Editor", "Unity.Mathematics.Editor.csproj", "{A426A9AD-8899-E220-7814-A2BDBDB5F784}"
EndProject
Project("{FAE04EC0-301F-11D3-BF4B-00C04F79EFBC}") = "Unity.ShaderGraph.Utilities", "Unity.ShaderGraph.Utilities.csproj", "{22E1C3AD-C57E-1388-120F-FD4478BB3ED1}"
EndProject
Project("{FAE04EC0-301F-11D3-BF4B-00C04F79EFBC}") = "Unity.ProBuilder.AddOns.Editor", "Unity.ProBuilder.AddOns.Editor.csproj", "{B266BD6F-D6E1-96E3-C24C-E2A3B696AEA6}"
EndProject
Project("{FAE04EC0-301F-11D3-BF4B-00C04F79EFBC}") = "UnityEngine.UI", "UnityEngine.UI.Player.csproj", "{4D447D7B-9DFE-7E5E-2A9F-C13EB02BBAE0}"
EndProject
Project("{FAE04EC0-301F-11D3-BF4B-00C04F79EFBC}") = "Unity.RenderPipelines.Core.Runtime", "Unity.RenderPipelines.Core.Runtime.Player.csproj", "{0BF12553-1409-5A92-1995-C66EF83FB078}"
EndProject
Project("{FAE04EC0-301F-11D3-BF4B-00C04F79EFBC}") = "UnityEngine.TestRunner", "UnityEngine.TestRunner.Player.csproj", "{CEB8DCAA-49FE-231E-F43B-598000162C13}"
EndProject
Project("{FAE04EC0-301F-11D3-BF4B-00C04F79EFBC}") = "Unity.Mathematics", "Unity.Mathematics.Player.csproj", "{7B8E5214-DF0C-6543-2226-EC5F25686D60}"
EndProject
Project("{FAE04EC0-301F-11D3-BF4B-00C04F79EFBC}") = "Unity.RenderPipelines.Universal.Runtime", "Unity.RenderPipelines.Universal.Runtime.Player.csproj", "{D2E693EB-C8A1-36F4-6DBF-15B8ECE6B7DC}"
EndProject
Project("{FAE04EC0-301F-11D3-BF4B-00C04F79EFBC}") = "Unity.TextMeshPro", "Unity.TextMeshPro.Player.csproj", "{E5FE5A36-015D-3E41-1417-A58F8F43491B}"
EndProject
Project("{FAE04EC0-301F-11D3-BF4B-00C04F79EFBC}") = "Unity.ProBuilder.Poly2Tri", "Unity.ProBuilder.Poly2Tri.Player.csproj", "{CCA51871-F51D-C8EB-33E4-35B5672F3576}"
EndProject
Project("{FAE04EC0-301F-11D3-BF4B-00C04F79EFBC}") = "Unity.Timeline", "Unity.Timeline.Player.csproj", "{F1996D4B-0F8E-4D15-08AD-A8E1ED6C7D5B}"
EndProject
Project("{FAE04EC0-301F-11D3-BF4B-00C04F79EFBC}") = "Unity.ProBuilder", "Unity.ProBuilder.Player.csproj", "{591F2BD0-28A4-FB18-7647-BCBE4C88A929}"
EndProject
Project("{FAE04EC0-301F-11D3-BF4B-00C04F79EFBC}") = "Unity.ProBuilder.Csg", "Unity.ProBuilder.Csg.Player.csproj", "{525312D3-F7A2-77CF-6BFF-F72E678A1A0B}"
EndProject
Project("{FAE04EC0-301F-11D3-BF4B-00C04F79EFBC}") = "Unity.ProBuilder.KdTree", "Unity.ProBuilder.KdTree.Player.csproj", "{AADCF69E-753F-5D8A-282D-BE4DAC7B6E59}"
EndProject
Project("{FAE04EC0-301F-11D3-BF4B-00C04F79EFBC}") = "Unity.RenderPipelines.Core.ShaderLibrary", "Unity.RenderPipelines.Core.ShaderLibrary.Player.csproj", "{A0F960DE-506C-A179-F889-124D6379194B}"
EndProject
Project("{FAE04EC0-301F-11D3-BF4B-00C04F79EFBC}") = "Unity.RenderPipeline.Universal.ShaderLibrary", "Unity.RenderPipeline.Universal.ShaderLibrary.Player.csproj", "{98871D81-8866-34DC-5E2F-4921211F3704}"
EndProject
Project("{FAE04EC0-301F-11D3-BF4B-00C04F79EFBC}") = "Unity.ProBuilder.Stl", "Unity.ProBuilder.Stl.Player.csproj", "{13614E41-0D6E-7E03-F5D6-FD920069137C}"
EndProject
Project("{FAE04EC0-301F-11D3-BF4B-00C04F79EFBC}") = "Unity.RenderPipelines.Universal.Shaders", "Unity.RenderPipelines.Universal.Shaders.Player.csproj", "{E1BA8B0A-9913-1125-2E13-2B8AF99BED00}"
EndProject
Project("{FAE04EC0-301F-11D3-BF4B-00C04F79EFBC}") = "Unity.RenderPipelines.ShaderGraph.ShaderGraphLibrary", "Unity.RenderPipelines.ShaderGraph.ShaderGraphLibrary.Player.csproj", "{4AD4D07E-80E5-D92E-900E-996642A8514E}"
EndProject
Project("{FAE04EC0-301F-11D3-BF4B-00C04F79EFBC}") = "Assembly-CSharp", "Assembly-CSharp.Player.csproj", "{344C9046-141D-01E4-2485-017C90D28080}"
EndProject
Global
	GlobalSection(SolutionConfigurationPlatforms) = preSolution
		Debug|Any CPU = Debug|Any CPU
		Release|Any CPU = Release|Any CPU
	EndGlobalSection
	GlobalSection(ProjectConfigurationPlatforms) = postSolution
		{FE23FB49-283E-C670-915C-1CD7EA5B2AE7}.Debug|Any CPU.ActiveCfg = Debug|Any CPU
		{FE23FB49-283E-C670-915C-1CD7EA5B2AE7}.Debug|Any CPU.Build.0 = Debug|Any CPU
		{FE23FB49-283E-C670-915C-1CD7EA5B2AE7}.Release|Any CPU.ActiveCfg = Release|Any CPU
		{FE23FB49-283E-C670-915C-1CD7EA5B2AE7}.Release|Any CPU.Build.0 = Release|Any CPU
		{14FCC657-AD14-53B2-D219-DDC2D10F37B7}.Debug|Any CPU.ActiveCfg = Debug|Any CPU
		{14FCC657-AD14-53B2-D219-DDC2D10F37B7}.Debug|Any CPU.Build.0 = Debug|Any CPU
		{14FCC657-AD14-53B2-D219-DDC2D10F37B7}.Release|Any CPU.ActiveCfg = Release|Any CPU
		{14FCC657-AD14-53B2-D219-DDC2D10F37B7}.Release|Any CPU.Build.0 = Release|Any CPU
		{33C55184-08AD-E8EF-9FB8-15E68F06E60D}.Debug|Any CPU.ActiveCfg = Debug|Any CPU
		{33C55184-08AD-E8EF-9FB8-15E68F06E60D}.Debug|Any CPU.Build.0 = Debug|Any CPU
		{33C55184-08AD-E8EF-9FB8-15E68F06E60D}.Release|Any CPU.ActiveCfg = Release|Any CPU
		{33C55184-08AD-E8EF-9FB8-15E68F06E60D}.Release|Any CPU.Build.0 = Release|Any CPU
		{30AE1A20-0C72-EED4-3942-A9F65BC12902}.Debug|Any CPU.ActiveCfg = Debug|Any CPU
		{30AE1A20-0C72-EED4-3942-A9F65BC12902}.Debug|Any CPU.Build.0 = Debug|Any CPU
		{30AE1A20-0C72-EED4-3942-A9F65BC12902}.Release|Any CPU.ActiveCfg = Release|Any CPU
		{30AE1A20-0C72-EED4-3942-A9F65BC12902}.Release|Any CPU.Build.0 = Release|Any CPU
		{D22B6DAE-C2F0-7F20-E2E2-91345E84D184}.Debug|Any CPU.ActiveCfg = Debug|Any CPU
		{D22B6DAE-C2F0-7F20-E2E2-91345E84D184}.Debug|Any CPU.Build.0 = Debug|Any CPU
		{D22B6DAE-C2F0-7F20-E2E2-91345E84D184}.Release|Any CPU.ActiveCfg = Release|Any CPU
		{D22B6DAE-C2F0-7F20-E2E2-91345E84D184}.Release|Any CPU.Build.0 = Release|Any CPU
		{4340AA29-DFD6-922C-6E3F-2C062F0AAD9D}.Debug|Any CPU.ActiveCfg = Debug|Any CPU
		{4340AA29-DFD6-922C-6E3F-2C062F0AAD9D}.Debug|Any CPU.Build.0 = Debug|Any CPU
		{4340AA29-DFD6-922C-6E3F-2C062F0AAD9D}.Release|Any CPU.ActiveCfg = Release|Any CPU
		{4340AA29-DFD6-922C-6E3F-2C062F0AAD9D}.Release|Any CPU.Build.0 = Release|Any CPU
		{3B843339-772C-0EDC-7354-08F75A22B591}.Debug|Any CPU.ActiveCfg = Debug|Any CPU
		{3B843339-772C-0EDC-7354-08F75A22B591}.Debug|Any CPU.Build.0 = Debug|Any CPU
		{3B843339-772C-0EDC-7354-08F75A22B591}.Release|Any CPU.ActiveCfg = Release|Any CPU
		{3B843339-772C-0EDC-7354-08F75A22B591}.Release|Any CPU.Build.0 = Release|Any CPU
		{392CB4CD-26A5-A37D-27F1-7F7749B57F47}.Debug|Any CPU.ActiveCfg = Debug|Any CPU
		{392CB4CD-26A5-A37D-27F1-7F7749B57F47}.Debug|Any CPU.Build.0 = Debug|Any CPU
		{392CB4CD-26A5-A37D-27F1-7F7749B57F47}.Release|Any CPU.ActiveCfg = Release|Any CPU
		{392CB4CD-26A5-A37D-27F1-7F7749B57F47}.Release|Any CPU.Build.0 = Release|Any CPU
		{159FB5F7-3E34-1DB6-79AF-6AEF254BE38C}.Debug|Any CPU.ActiveCfg = Debug|Any CPU
		{159FB5F7-3E34-1DB6-79AF-6AEF254BE38C}.Debug|Any CPU.Build.0 = Debug|Any CPU
		{159FB5F7-3E34-1DB6-79AF-6AEF254BE38C}.Release|Any CPU.ActiveCfg = Release|Any CPU
		{159FB5F7-3E34-1DB6-79AF-6AEF254BE38C}.Release|Any CPU.Build.0 = Release|Any CPU
		{1F4B6F64-5000-A963-2B4E-5BFAC313BCCE}.Debug|Any CPU.ActiveCfg = Debug|Any CPU
		{1F4B6F64-5000-A963-2B4E-5BFAC313BCCE}.Debug|Any CPU.Build.0 = Debug|Any CPU
		{1F4B6F64-5000-A963-2B4E-5BFAC313BCCE}.Release|Any CPU.ActiveCfg = Release|Any CPU
		{1F4B6F64-5000-A963-2B4E-5BFAC313BCCE}.Release|Any CPU.Build.0 = Release|Any CPU
		{9DBF31A7-5333-D97D-D7BF-B93B972F69B1}.Debug|Any CPU.ActiveCfg = Debug|Any CPU
		{9DBF31A7-5333-D97D-D7BF-B93B972F69B1}.Debug|Any CPU.Build.0 = Debug|Any CPU
		{9DBF31A7-5333-D97D-D7BF-B93B972F69B1}.Release|Any CPU.ActiveCfg = Release|Any CPU
		{9DBF31A7-5333-D97D-D7BF-B93B972F69B1}.Release|Any CPU.Build.0 = Release|Any CPU
		{489F914F-1BED-5004-EB0D-EE19078FFCCC}.Debug|Any CPU.ActiveCfg = Debug|Any CPU
		{489F914F-1BED-5004-EB0D-EE19078FFCCC}.Debug|Any CPU.Build.0 = Debug|Any CPU
		{489F914F-1BED-5004-EB0D-EE19078FFCCC}.Release|Any CPU.ActiveCfg = Release|Any CPU
		{489F914F-1BED-5004-EB0D-EE19078FFCCC}.Release|Any CPU.Build.0 = Release|Any CPU
		{B3EB8498-78C3-5283-F1BB-B49363237998}.Debug|Any CPU.ActiveCfg = Debug|Any CPU
		{B3EB8498-78C3-5283-F1BB-B49363237998}.Debug|Any CPU.Build.0 = Debug|Any CPU
		{B3EB8498-78C3-5283-F1BB-B49363237998}.Release|Any CPU.ActiveCfg = Release|Any CPU
		{B3EB8498-78C3-5283-F1BB-B49363237998}.Release|Any CPU.Build.0 = Release|Any CPU
		{D83CE9A5-1CFE-2670-D836-64462AD9B449}.Debug|Any CPU.ActiveCfg = Debug|Any CPU
		{D83CE9A5-1CFE-2670-D836-64462AD9B449}.Debug|Any CPU.Build.0 = Debug|Any CPU
		{D83CE9A5-1CFE-2670-D836-64462AD9B449}.Release|Any CPU.ActiveCfg = Release|Any CPU
		{D83CE9A5-1CFE-2670-D836-64462AD9B449}.Release|Any CPU.Build.0 = Release|Any CPU
		{E889BFE7-0FFE-F704-3CD0-C2712AC4AFA4}.Debug|Any CPU.ActiveCfg = Debug|Any CPU
		{E889BFE7-0FFE-F704-3CD0-C2712AC4AFA4}.Debug|Any CPU.Build.0 = Debug|Any CPU
		{E889BFE7-0FFE-F704-3CD0-C2712AC4AFA4}.Release|Any CPU.ActiveCfg = Release|Any CPU
		{E889BFE7-0FFE-F704-3CD0-C2712AC4AFA4}.Release|Any CPU.Build.0 = Release|Any CPU
		{53A259D0-D760-22D1-4FB7-8D2575F6F50C}.Debug|Any CPU.ActiveCfg = Debug|Any CPU
		{53A259D0-D760-22D1-4FB7-8D2575F6F50C}.Debug|Any CPU.Build.0 = Debug|Any CPU
		{53A259D0-D760-22D1-4FB7-8D2575F6F50C}.Release|Any CPU.ActiveCfg = Release|Any CPU
		{53A259D0-D760-22D1-4FB7-8D2575F6F50C}.Release|Any CPU.Build.0 = Release|Any CPU
		{6F3B1A3C-2B4E-0C02-BD08-AEF49C45C39A}.Debug|Any CPU.ActiveCfg = Debug|Any CPU
		{6F3B1A3C-2B4E-0C02-BD08-AEF49C45C39A}.Debug|Any CPU.Build.0 = Debug|Any CPU
		{6F3B1A3C-2B4E-0C02-BD08-AEF49C45C39A}.Release|Any CPU.ActiveCfg = Release|Any CPU
		{6F3B1A3C-2B4E-0C02-BD08-AEF49C45C39A}.Release|Any CPU.Build.0 = Release|Any CPU
		{3428B8E1-59D0-212D-2779-26483EC67AA1}.Debug|Any CPU.ActiveCfg = Debug|Any CPU
		{3428B8E1-59D0-212D-2779-26483EC67AA1}.Debug|Any CPU.Build.0 = Debug|Any CPU
		{3428B8E1-59D0-212D-2779-26483EC67AA1}.Release|Any CPU.ActiveCfg = Release|Any CPU
		{3428B8E1-59D0-212D-2779-26483EC67AA1}.Release|Any CPU.Build.0 = Release|Any CPU
		{37C706F3-ECBD-40B9-1AEA-EF301810495F}.Debug|Any CPU.ActiveCfg = Debug|Any CPU
		{37C706F3-ECBD-40B9-1AEA-EF301810495F}.Debug|Any CPU.Build.0 = Debug|Any CPU
		{37C706F3-ECBD-40B9-1AEA-EF301810495F}.Release|Any CPU.ActiveCfg = Release|Any CPU
		{37C706F3-ECBD-40B9-1AEA-EF301810495F}.Release|Any CPU.Build.0 = Release|Any CPU
		{9B18F356-460C-1591-32A9-CE84886BDFE7}.Debug|Any CPU.ActiveCfg = Debug|Any CPU
		{9B18F356-460C-1591-32A9-CE84886BDFE7}.Debug|Any CPU.Build.0 = Debug|Any CPU
		{9B18F356-460C-1591-32A9-CE84886BDFE7}.Release|Any CPU.ActiveCfg = Release|Any CPU
		{9B18F356-460C-1591-32A9-CE84886BDFE7}.Release|Any CPU.Build.0 = Release|Any CPU
		{0B30F233-5A85-4BFB-93C1-76D76B139E28}.Debug|Any CPU.ActiveCfg = Debug|Any CPU
		{0B30F233-5A85-4BFB-93C1-76D76B139E28}.Debug|Any CPU.Build.0 = Debug|Any CPU
		{0B30F233-5A85-4BFB-93C1-76D76B139E28}.Release|Any CPU.ActiveCfg = Release|Any CPU
		{0B30F233-5A85-4BFB-93C1-76D76B139E28}.Release|Any CPU.Build.0 = Release|Any CPU
		{D5A80CCF-76BC-3CD0-258C-F908EF1E6390}.Debug|Any CPU.ActiveCfg = Debug|Any CPU
		{D5A80CCF-76BC-3CD0-258C-F908EF1E6390}.Debug|Any CPU.Build.0 = Debug|Any CPU
		{D5A80CCF-76BC-3CD0-258C-F908EF1E6390}.Release|Any CPU.ActiveCfg = Release|Any CPU
		{D5A80CCF-76BC-3CD0-258C-F908EF1E6390}.Release|Any CPU.Build.0 = Release|Any CPU
		{F8CB6C6D-1C01-A58A-22BD-011D85BDBDD1}.Debug|Any CPU.ActiveCfg = Debug|Any CPU
		{F8CB6C6D-1C01-A58A-22BD-011D85BDBDD1}.Debug|Any CPU.Build.0 = Debug|Any CPU
		{F8CB6C6D-1C01-A58A-22BD-011D85BDBDD1}.Release|Any CPU.ActiveCfg = Release|Any CPU
		{F8CB6C6D-1C01-A58A-22BD-011D85BDBDD1}.Release|Any CPU.Build.0 = Release|Any CPU
		{175C42D3-8139-DDFF-DB03-1D15F3D084CA}.Debug|Any CPU.ActiveCfg = Debug|Any CPU
		{175C42D3-8139-DDFF-DB03-1D15F3D084CA}.Debug|Any CPU.Build.0 = Debug|Any CPU
		{175C42D3-8139-DDFF-DB03-1D15F3D084CA}.Release|Any CPU.ActiveCfg = Release|Any CPU
		{175C42D3-8139-DDFF-DB03-1D15F3D084CA}.Release|Any CPU.Build.0 = Release|Any CPU
		{61C6FA2B-4C11-BE21-E4DB-E40FDB9A5835}.Debug|Any CPU.ActiveCfg = Debug|Any CPU
		{61C6FA2B-4C11-BE21-E4DB-E40FDB9A5835}.Debug|Any CPU.Build.0 = Debug|Any CPU
		{61C6FA2B-4C11-BE21-E4DB-E40FDB9A5835}.Release|Any CPU.ActiveCfg = Release|Any CPU
		{61C6FA2B-4C11-BE21-E4DB-E40FDB9A5835}.Release|Any CPU.Build.0 = Release|Any CPU
		{BA8AB193-F377-7D20-CF4E-071D093617DB}.Debug|Any CPU.ActiveCfg = Debug|Any CPU
		{BA8AB193-F377-7D20-CF4E-071D093617DB}.Debug|Any CPU.Build.0 = Debug|Any CPU
		{BA8AB193-F377-7D20-CF4E-071D093617DB}.Release|Any CPU.ActiveCfg = Release|Any CPU
		{BA8AB193-F377-7D20-CF4E-071D093617DB}.Release|Any CPU.Build.0 = Release|Any CPU
		{3E36BCD7-9536-B17E-7A0F-5EAE70AF4BDB}.Debug|Any CPU.ActiveCfg = Debug|Any CPU
		{3E36BCD7-9536-B17E-7A0F-5EAE70AF4BDB}.Debug|Any CPU.Build.0 = Debug|Any CPU
		{3E36BCD7-9536-B17E-7A0F-5EAE70AF4BDB}.Release|Any CPU.ActiveCfg = Release|Any CPU
		{3E36BCD7-9536-B17E-7A0F-5EAE70AF4BDB}.Release|Any CPU.Build.0 = Release|Any CPU
		{FC3AFB32-C250-0FE1-2248-664E1E3E9EC1}.Debug|Any CPU.ActiveCfg = Debug|Any CPU
		{FC3AFB32-C250-0FE1-2248-664E1E3E9EC1}.Debug|Any CPU.Build.0 = Debug|Any CPU
		{FC3AFB32-C250-0FE1-2248-664E1E3E9EC1}.Release|Any CPU.ActiveCfg = Release|Any CPU
		{FC3AFB32-C250-0FE1-2248-664E1E3E9EC1}.Release|Any CPU.Build.0 = Release|Any CPU
		{501907E1-CA23-5AF9-9529-427948A2DE4F}.Debug|Any CPU.ActiveCfg = Debug|Any CPU
		{501907E1-CA23-5AF9-9529-427948A2DE4F}.Debug|Any CPU.Build.0 = Debug|Any CPU
		{501907E1-CA23-5AF9-9529-427948A2DE4F}.Release|Any CPU.ActiveCfg = Release|Any CPU
		{501907E1-CA23-5AF9-9529-427948A2DE4F}.Release|Any CPU.Build.0 = Release|Any CPU
		{8BEC2C05-C254-03A6-4359-CD18ABDD3C7F}.Debug|Any CPU.ActiveCfg = Debug|Any CPU
		{8BEC2C05-C254-03A6-4359-CD18ABDD3C7F}.Debug|Any CPU.Build.0 = Debug|Any CPU
		{8BEC2C05-C254-03A6-4359-CD18ABDD3C7F}.Release|Any CPU.ActiveCfg = Release|Any CPU
		{8BEC2C05-C254-03A6-4359-CD18ABDD3C7F}.Release|Any CPU.Build.0 = Release|Any CPU
		{E27C0E4B-D694-B694-7365-7A4CB6E5C3A3}.Debug|Any CPU.ActiveCfg = Debug|Any CPU
		{E27C0E4B-D694-B694-7365-7A4CB6E5C3A3}.Debug|Any CPU.Build.0 = Debug|Any CPU
		{E27C0E4B-D694-B694-7365-7A4CB6E5C3A3}.Release|Any CPU.ActiveCfg = Release|Any CPU
		{E27C0E4B-D694-B694-7365-7A4CB6E5C3A3}.Release|Any CPU.Build.0 = Release|Any CPU
		{DC3252E3-43B3-49E6-CA98-71AA217F2D31}.Debug|Any CPU.ActiveCfg = Debug|Any CPU
		{DC3252E3-43B3-49E6-CA98-71AA217F2D31}.Debug|Any CPU.Build.0 = Debug|Any CPU
		{DC3252E3-43B3-49E6-CA98-71AA217F2D31}.Release|Any CPU.ActiveCfg = Release|Any CPU
		{DC3252E3-43B3-49E6-CA98-71AA217F2D31}.Release|Any CPU.Build.0 = Release|Any CPU
		{623A7B30-DE67-0EAE-9F30-2EB1D3C91399}.Debug|Any CPU.ActiveCfg = Debug|Any CPU
		{623A7B30-DE67-0EAE-9F30-2EB1D3C91399}.Debug|Any CPU.Build.0 = Debug|Any CPU
		{623A7B30-DE67-0EAE-9F30-2EB1D3C91399}.Release|Any CPU.ActiveCfg = Release|Any CPU
		{623A7B30-DE67-0EAE-9F30-2EB1D3C91399}.Release|Any CPU.Build.0 = Release|Any CPU
		{D561EC1D-AA0E-21DF-A9A0-FC88E7AEEBC0}.Debug|Any CPU.ActiveCfg = Debug|Any CPU
		{D561EC1D-AA0E-21DF-A9A0-FC88E7AEEBC0}.Debug|Any CPU.Build.0 = Debug|Any CPU
		{D561EC1D-AA0E-21DF-A9A0-FC88E7AEEBC0}.Release|Any CPU.ActiveCfg = Release|Any CPU
		{D561EC1D-AA0E-21DF-A9A0-FC88E7AEEBC0}.Release|Any CPU.Build.0 = Release|Any CPU
		{A426A9AD-8899-E220-7814-A2BDBDB5F784}.Debug|Any CPU.ActiveCfg = Debug|Any CPU
		{A426A9AD-8899-E220-7814-A2BDBDB5F784}.Debug|Any CPU.Build.0 = Debug|Any CPU
		{A426A9AD-8899-E220-7814-A2BDBDB5F784}.Release|Any CPU.ActiveCfg = Release|Any CPU
		{A426A9AD-8899-E220-7814-A2BDBDB5F784}.Release|Any CPU.Build.0 = Release|Any CPU
		{22E1C3AD-C57E-1388-120F-FD4478BB3ED1}.Debug|Any CPU.ActiveCfg = Debug|Any CPU
		{22E1C3AD-C57E-1388-120F-FD4478BB3ED1}.Debug|Any CPU.Build.0 = Debug|Any CPU
		{22E1C3AD-C57E-1388-120F-FD4478BB3ED1}.Release|Any CPU.ActiveCfg = Release|Any CPU
		{22E1C3AD-C57E-1388-120F-FD4478BB3ED1}.Release|Any CPU.Build.0 = Release|Any CPU
		{B266BD6F-D6E1-96E3-C24C-E2A3B696AEA6}.Debug|Any CPU.ActiveCfg = Debug|Any CPU
		{B266BD6F-D6E1-96E3-C24C-E2A3B696AEA6}.Debug|Any CPU.Build.0 = Debug|Any CPU
		{B266BD6F-D6E1-96E3-C24C-E2A3B696AEA6}.Release|Any CPU.ActiveCfg = Release|Any CPU
		{B266BD6F-D6E1-96E3-C24C-E2A3B696AEA6}.Release|Any CPU.Build.0 = Release|Any CPU
		{4D447D7B-9DFE-7E5E-2A9F-C13EB02BBAE0}.Debug|Any CPU.ActiveCfg = Debug|Any CPU
		{4D447D7B-9DFE-7E5E-2A9F-C13EB02BBAE0}.Debug|Any CPU.Build.0 = Debug|Any CPU
		{4D447D7B-9DFE-7E5E-2A9F-C13EB02BBAE0}.Release|Any CPU.ActiveCfg = Release|Any CPU
		{4D447D7B-9DFE-7E5E-2A9F-C13EB02BBAE0}.Release|Any CPU.Build.0 = Release|Any CPU
		{0BF12553-1409-5A92-1995-C66EF83FB078}.Debug|Any CPU.ActiveCfg = Debug|Any CPU
		{0BF12553-1409-5A92-1995-C66EF83FB078}.Debug|Any CPU.Build.0 = Debug|Any CPU
		{0BF12553-1409-5A92-1995-C66EF83FB078}.Release|Any CPU.ActiveCfg = Release|Any CPU
		{0BF12553-1409-5A92-1995-C66EF83FB078}.Release|Any CPU.Build.0 = Release|Any CPU
		{CEB8DCAA-49FE-231E-F43B-598000162C13}.Debug|Any CPU.ActiveCfg = Debug|Any CPU
		{CEB8DCAA-49FE-231E-F43B-598000162C13}.Debug|Any CPU.Build.0 = Debug|Any CPU
		{CEB8DCAA-49FE-231E-F43B-598000162C13}.Release|Any CPU.ActiveCfg = Release|Any CPU
		{CEB8DCAA-49FE-231E-F43B-598000162C13}.Release|Any CPU.Build.0 = Release|Any CPU
		{7B8E5214-DF0C-6543-2226-EC5F25686D60}.Debug|Any CPU.ActiveCfg = Debug|Any CPU
		{7B8E5214-DF0C-6543-2226-EC5F25686D60}.Debug|Any CPU.Build.0 = Debug|Any CPU
		{7B8E5214-DF0C-6543-2226-EC5F25686D60}.Release|Any CPU.ActiveCfg = Release|Any CPU
		{7B8E5214-DF0C-6543-2226-EC5F25686D60}.Release|Any CPU.Build.0 = Release|Any CPU
		{D2E693EB-C8A1-36F4-6DBF-15B8ECE6B7DC}.Debug|Any CPU.ActiveCfg = Debug|Any CPU
		{D2E693EB-C8A1-36F4-6DBF-15B8ECE6B7DC}.Debug|Any CPU.Build.0 = Debug|Any CPU
		{D2E693EB-C8A1-36F4-6DBF-15B8ECE6B7DC}.Release|Any CPU.ActiveCfg = Release|Any CPU
		{D2E693EB-C8A1-36F4-6DBF-15B8ECE6B7DC}.Release|Any CPU.Build.0 = Release|Any CPU
		{E5FE5A36-015D-3E41-1417-A58F8F43491B}.Debug|Any CPU.ActiveCfg = Debug|Any CPU
		{E5FE5A36-015D-3E41-1417-A58F8F43491B}.Debug|Any CPU.Build.0 = Debug|Any CPU
		{E5FE5A36-015D-3E41-1417-A58F8F43491B}.Release|Any CPU.ActiveCfg = Release|Any CPU
		{E5FE5A36-015D-3E41-1417-A58F8F43491B}.Release|Any CPU.Build.0 = Release|Any CPU
		{CCA51871-F51D-C8EB-33E4-35B5672F3576}.Debug|Any CPU.ActiveCfg = Debug|Any CPU
		{CCA51871-F51D-C8EB-33E4-35B5672F3576}.Debug|Any CPU.Build.0 = Debug|Any CPU
		{CCA51871-F51D-C8EB-33E4-35B5672F3576}.Release|Any CPU.ActiveCfg = Release|Any CPU
		{CCA51871-F51D-C8EB-33E4-35B5672F3576}.Release|Any CPU.Build.0 = Release|Any CPU
		{F1996D4B-0F8E-4D15-08AD-A8E1ED6C7D5B}.Debug|Any CPU.ActiveCfg = Debug|Any CPU
		{F1996D4B-0F8E-4D15-08AD-A8E1ED6C7D5B}.Debug|Any CPU.Build.0 = Debug|Any CPU
		{F1996D4B-0F8E-4D15-08AD-A8E1ED6C7D5B}.Release|Any CPU.ActiveCfg = Release|Any CPU
		{F1996D4B-0F8E-4D15-08AD-A8E1ED6C7D5B}.Release|Any CPU.Build.0 = Release|Any CPU
		{591F2BD0-28A4-FB18-7647-BCBE4C88A929}.Debug|Any CPU.ActiveCfg = Debug|Any CPU
		{591F2BD0-28A4-FB18-7647-BCBE4C88A929}.Debug|Any CPU.Build.0 = Debug|Any CPU
		{591F2BD0-28A4-FB18-7647-BCBE4C88A929}.Release|Any CPU.ActiveCfg = Release|Any CPU
		{591F2BD0-28A4-FB18-7647-BCBE4C88A929}.Release|Any CPU.Build.0 = Release|Any CPU
		{525312D3-F7A2-77CF-6BFF-F72E678A1A0B}.Debug|Any CPU.ActiveCfg = Debug|Any CPU
		{525312D3-F7A2-77CF-6BFF-F72E678A1A0B}.Debug|Any CPU.Build.0 = Debug|Any CPU
		{525312D3-F7A2-77CF-6BFF-F72E678A1A0B}.Release|Any CPU.ActiveCfg = Release|Any CPU
		{525312D3-F7A2-77CF-6BFF-F72E678A1A0B}.Release|Any CPU.Build.0 = Release|Any CPU
		{AADCF69E-753F-5D8A-282D-BE4DAC7B6E59}.Debug|Any CPU.ActiveCfg = Debug|Any CPU
		{AADCF69E-753F-5D8A-282D-BE4DAC7B6E59}.Debug|Any CPU.Build.0 = Debug|Any CPU
		{AADCF69E-753F-5D8A-282D-BE4DAC7B6E59}.Release|Any CPU.ActiveCfg = Release|Any CPU
		{AADCF69E-753F-5D8A-282D-BE4DAC7B6E59}.Release|Any CPU.Build.0 = Release|Any CPU
		{A0F960DE-506C-A179-F889-124D6379194B}.Debug|Any CPU.ActiveCfg = Debug|Any CPU
		{A0F960DE-506C-A179-F889-124D6379194B}.Debug|Any CPU.Build.0 = Debug|Any CPU
		{A0F960DE-506C-A179-F889-124D6379194B}.Release|Any CPU.ActiveCfg = Release|Any CPU
		{A0F960DE-506C-A179-F889-124D6379194B}.Release|Any CPU.Build.0 = Release|Any CPU
		{98871D81-8866-34DC-5E2F-4921211F3704}.Debug|Any CPU.ActiveCfg = Debug|Any CPU
		{98871D81-8866-34DC-5E2F-4921211F3704}.Debug|Any CPU.Build.0 = Debug|Any CPU
		{98871D81-8866-34DC-5E2F-4921211F3704}.Release|Any CPU.ActiveCfg = Release|Any CPU
		{98871D81-8866-34DC-5E2F-4921211F3704}.Release|Any CPU.Build.0 = Release|Any CPU
		{13614E41-0D6E-7E03-F5D6-FD920069137C}.Debug|Any CPU.ActiveCfg = Debug|Any CPU
		{13614E41-0D6E-7E03-F5D6-FD920069137C}.Debug|Any CPU.Build.0 = Debug|Any CPU
		{13614E41-0D6E-7E03-F5D6-FD920069137C}.Release|Any CPU.ActiveCfg = Release|Any CPU
		{13614E41-0D6E-7E03-F5D6-FD920069137C}.Release|Any CPU.Build.0 = Release|Any CPU
		{E1BA8B0A-9913-1125-2E13-2B8AF99BED00}.Debug|Any CPU.ActiveCfg = Debug|Any CPU
		{E1BA8B0A-9913-1125-2E13-2B8AF99BED00}.Debug|Any CPU.Build.0 = Debug|Any CPU
		{E1BA8B0A-9913-1125-2E13-2B8AF99BED00}.Release|Any CPU.ActiveCfg = Release|Any CPU
		{E1BA8B0A-9913-1125-2E13-2B8AF99BED00}.Release|Any CPU.Build.0 = Release|Any CPU
		{4AD4D07E-80E5-D92E-900E-996642A8514E}.Debug|Any CPU.ActiveCfg = Debug|Any CPU
		{4AD4D07E-80E5-D92E-900E-996642A8514E}.Debug|Any CPU.Build.0 = Debug|Any CPU
		{4AD4D07E-80E5-D92E-900E-996642A8514E}.Release|Any CPU.ActiveCfg = Release|Any CPU
		{4AD4D07E-80E5-D92E-900E-996642A8514E}.Release|Any CPU.Build.0 = Release|Any CPU
		{344C9046-141D-01E4-2485-017C90D28080}.Debug|Any CPU.ActiveCfg = Debug|Any CPU
		{344C9046-141D-01E4-2485-017C90D28080}.Debug|Any CPU.Build.0 = Debug|Any CPU
		{344C9046-141D-01E4-2485-017C90D28080}.Release|Any CPU.ActiveCfg = Release|Any CPU
		{344C9046-141D-01E4-2485-017C90D28080}.Release|Any CPU.Build.0 = Release|Any CPU
	EndGlobalSection
	GlobalSection(SolutionProperties) = preSolution
		HideSolutionNode = FALSE
	EndGlobalSection
EndGlobal
